
Microsoft Visual Studio Solution File, Format Version 12.00
# Visual Studio Version 17
VisualStudioVersion = 17.2.32630.192
MinimumVisualStudioVersion = 10.0.40219.1
Project("{FAE04EC0-301F-11D3-BF4B-00C04F79EFBC}") = "DevIO.WebApp", "src\DevIO.WebApp\DevIO.WebApp.csproj", "{33362EB5-B9D1-48E3-BB5C-ADBE1466B427}"
EndProject
Project("{FAE04EC0-301F-11D3-BF4B-00C04F79EFBC}") = "DevIO.Business", "src\DevIO.Business\DevIO.Business.csproj", "{0A398EB3-1B06-491C-81AE-9644927DCBA3}"
EndProject
Project("{FAE04EC0-301F-11D3-BF4B-00C04F79EFBC}") = "DevIO.Infra", "src\DevIO.Infra\DevIO.Infra.csproj", "{C21D144B-D04B-409A-99EB-6DF53DC2B2FB}"
EndProject
Global
	GlobalSection(SolutionConfigurationPlatforms) = preSolution
		Debug|Any CPU = Debug|Any CPU
		Release|Any CPU = Release|Any CPU
	EndGlobalSection
	GlobalSection(ProjectConfigurationPlatforms) = postSolution
		{33362EB5-B9D1-48E3-BB5C-ADBE1466B427}.Debug|Any CPU.ActiveCfg = Debug|Any CPU
		{33362EB5-B9D1-48E3-BB5C-ADBE1466B427}.Debug|Any CPU.Build.0 = Debug|Any CPU
		{33362EB5-B9D1-48E3-BB5C-ADBE1466B427}.Release|Any CPU.ActiveCfg = Release|Any CPU
		{33362EB5-B9D1-48E3-BB5C-ADBE1466B427}.Release|Any CPU.Build.0 = Release|Any CPU
		{0A398EB3-1B06-491C-81AE-9644927DCBA3}.Debug|Any CPU.ActiveCfg = Debug|Any CPU
		{0A398EB3-1B06-491C-81AE-9644927DCBA3}.Debug|Any CPU.Build.0 = Debug|Any CPU
		{0A398EB3-1B06-491C-81AE-9644927DCBA3}.Release|Any CPU.ActiveCfg = Release|Any CPU
		{0A398EB3-1B06-491C-81AE-9644927DCBA3}.Release|Any CPU.Build.0 = Release|Any CPU
		{C21D144B-D04B-409A-99EB-6DF53DC2B2FB}.Debug|Any CPU.ActiveCfg = Debug|Any CPU
		{C21D144B-D04B-409A-99EB-6DF53DC2B2FB}.Debug|Any CPU.Build.0 = Debug|Any CPU
		{C21D144B-D04B-409A-99EB-6DF53DC2B2FB}.Release|Any CPU.ActiveCfg = Release|Any CPU
		{C21D144B-D04B-409A-99EB-6DF53DC2B2FB}.Release|Any CPU.Build.0 = Release|Any CPU
	EndGlobalSection
	GlobalSection(SolutionProperties) = preSolution
		HideSolutionNode = FALSE
	EndGlobalSection
	GlobalSection(ExtensibilityGlobals) = postSolution
		SolutionGuid = {3748AA64-CC78-411E-8FBB-D183ABE0480D}
	EndGlobalSection
EndGlobal
